
Microsoft Visual Studio Solution File, Format Version 12.00
# Visual Studio 15
VisualStudioVersion = 15.0.28307.421
MinimumVisualStudioVersion = 10.0.40219.1
Project("{888888A0-9F3D-457C-B088-3A5042F75D52}") = "GrahamSelector", "PythonApplication1\GrahamSelector.pyproj", "{5E9653E4-1063-46EB-B817-6E3774EA1467}"
EndProject
Project("{888888A0-9F3D-457C-B088-3A5042F75D52}") = "TestGrahamSelector", "TestGrahamSelector\TestGrahamSelector.pyproj", "{EDEEEF6D-6E72-41F8-915E-E0EE648D9BCD}"
EndProject
Global
	GlobalSection(SolutionConfigurationPlatforms) = preSolution
		Debug|Any CPU = Debug|Any CPU
		Release|Any CPU = Release|Any CPU
	EndGlobalSection
	GlobalSection(ProjectConfigurationPlatforms) = postSolution
		{5E9653E4-1063-46EB-B817-6E3774EA1467}.Debug|Any CPU.ActiveCfg = Debug|Any CPU
		{5E9653E4-1063-46EB-B817-6E3774EA1467}.Release|Any CPU.ActiveCfg = Release|Any CPU
		{EDEEEF6D-6E72-41F8-915E-E0EE648D9BCD}.Debug|Any CPU.ActiveCfg = Debug|Any CPU
		{EDEEEF6D-6E72-41F8-915E-E0EE648D9BCD}.Release|Any CPU.ActiveCfg = Release|Any CPU
	EndGlobalSection
	GlobalSection(SolutionProperties) = preSolution
		HideSolutionNode = FALSE
	EndGlobalSection
	GlobalSection(ExtensibilityGlobals) = postSolution
		SolutionGuid = {DD777439-FE45-489D-8BE4-5B0FA5CC3C6A}
	EndGlobalSection
EndGlobal
